
Microsoft Visual Studio Solution File, Format Version 12.00
# Visual Studio Version 17
VisualStudioVersion = 17.5.33516.290
MinimumVisualStudioVersion = 10.0.40219.1
Project("{9A19103F-16F7-4668-BE54-9A1E7A4F7556}") = "hermes-engine", "hermes-engine.csproj", "{EF350F77-7B60-4B5C-8634-8EB3153FB130}"
EndProject
Global
	GlobalSection(SolutionConfigurationPlatforms) = preSolution
		Debug|Any CPU = Debug|Any CPU
		Release|Any CPU = Release|Any CPU
	EndGlobalSection
	GlobalSection(ProjectConfigurationPlatforms) = postSolution
		{EF350F77-7B60-4B5C-8634-8EB3153FB130}.Debug|Any CPU.ActiveCfg = Debug|Any CPU
		{EF350F77-7B60-4B5C-8634-8EB3153FB130}.Debug|Any CPU.Build.0 = Debug|Any CPU
		{EF350F77-7B60-4B5C-8634-8EB3153FB130}.Release|Any CPU.ActiveCfg = Release|Any CPU
		{EF350F77-7B60-4B5C-8634-8EB3153FB130}.Release|Any CPU.Build.0 = Release|Any CPU
	EndGlobalSection
	GlobalSection(SolutionProperties) = preSolution
		HideSolutionNode = FALSE
	EndGlobalSection
	GlobalSection(ExtensibilityGlobals) = postSolution
		SolutionGuid = {C85AD6C1-99F4-4858-BE2C-3065E5DD7CF1}
	EndGlobalSection
EndGlobal
