{
  "name": "node-api-dotnet-tests-edgejs",
  "lockfileVersion": 3,
  "requires": true,
  "packages": {
    "": {
      "name": "node-api-dotnet-tests-edgejs",
      "dependencies": {
        "edge-js": "^22.7.0",
        "node-api-dotnet": "file:../../../out/pkg/node-api-dotnet"
      },
      "devDependencies": {
        "@types/node": "^18.16.14"
      }
    },
    "../../../out/pkg/node-api-dotnet": {
      "version": "0.8.14-gd17fbc37f5",
      "license": "MIT"
    },
    "node_modules/@types/node": {
      "version": "18.19.55",
      "resolved": "https://registry.npmjs.org/@types/node/-/node-18.19.55.tgz",
      "integrity": "sha512-zzw5Vw52205Zr/nmErSEkN5FLqXPuKX/k5d1D7RKHATGqU7y6YfX9QxZraUzUrFGqH6XzOzG196BC35ltJC4Cw==",
      "dev": true,
      "dependencies": {
        "undici-types": "~5.26.4"
      }
    },
    "node_modules/edge-cs": {
      "name": "@agracio/edge-cs",
      "version": "1.3.7",
      "resolved": "https://registry.npmjs.org/@agracio/edge-cs/-/edge-cs-1.3.7.tgz",
      "integrity": "sha512-sFwGCGmoa9JdODegeDFJL4IH6N8IgDobxbS31BiXaiOdf8bC7EyHigFp0WYRKhIgK72E9nLnNwiRJRMO/AYGdg==",
      "engines": {
        "node": ">= 0.8"
      }
    },
    "node_modules/edge-js": {
      "version": "22.7.0",
      "resolved": "https://registry.npmjs.org/edge-js/-/edge-js-22.7.0.tgz",
      "integrity": "sha512-R1iZaWDkFM1h+lRejlrQSkRGeu0QBfTjHQ49PkqR5ULCpuF4wAFDxEnxEbXK1KTql+131ZCmiJt1QVgLkuciDg==",
      "hasInstallScript": true,
      "dependencies": {
        "edge-cs": "npm:@agracio/edge-cs@^1.3.7",
        "nan": "^2.20.0"
      },
      "engines": {
        "node": ">=16.0.0",
        "npm": ">=8.0.0"
      }
    },
    "node_modules/nan": {
      "version": "2.20.0",
      "resolved": "https://registry.npmjs.org/nan/-/nan-2.20.0.tgz",
      "integrity": "sha512-bk3gXBZDGILuuo/6sKtr0DQmSThYHLtNCdSdXk9YkxD/jK6X2vmCyyXBBxyqZ4XcnzTyYEAThfX3DCEnLf6igw=="
    },
    "node_modules/node-api-dotnet": {
      "resolved": "../../../out/pkg/node-api-dotnet",
      "link": true
    },
    "node_modules/undici-types": {
      "version": "5.26.5",
      "resolved": "https://registry.npmjs.org/undici-types/-/undici-types-5.26.5.tgz",
      "integrity": "sha512-JlCMO+ehdEIKqlFxk6IfVoAUVmgz7cU7zD/h9XZ0qzeosSHmUJVOzSQvvYSYWXkFXC+IfLKSIffhv0sVZup6pA==",
      "dev": true
    }
  }
}
