
Microsoft Visual Studio Solution File, Format Version 12.00
# Visual Studio Version 17
VisualStudioVersion = 17.5.33103.201
MinimumVisualStudioVersion = 10.0.40219.1
Project("{9A19103F-16F7-4668-BE54-9A1E7A4F7556}") = "jsdom", "jsdom.csproj", "{76D22090-236C-4F28-8863-ACF5C66E9559}"
EndProject
Global
	GlobalSection(SolutionConfigurationPlatforms) = preSolution
		Debug|arm64 = Debug|arm64
		Debug|x64 = Debug|x64
		Debug|x86 = Debug|x86
		Release|arm64 = Release|arm64
		Release|x64 = Release|x64
		Release|x86 = Release|x86
	EndGlobalSection
	GlobalSection(ProjectConfigurationPlatforms) = postSolution
		{76D22090-236C-4F28-8863-ACF5C66E9559}.Debug|arm64.ActiveCfg = Debug|Any CPU
		{76D22090-236C-4F28-8863-ACF5C66E9559}.Debug|arm64.Build.0 = Debug|Any CPU
		{76D22090-236C-4F28-8863-ACF5C66E9559}.Debug|x64.ActiveCfg = Debug|Any CPU
		{76D22090-236C-4F28-8863-ACF5C66E9559}.Debug|x64.Build.0 = Debug|Any CPU
		{76D22090-236C-4F28-8863-ACF5C66E9559}.Debug|x86.ActiveCfg = Debug|Any CPU
		{76D22090-236C-4F28-8863-ACF5C66E9559}.Debug|x86.Build.0 = Debug|Any CPU
		{76D22090-236C-4F28-8863-ACF5C66E9559}.Release|arm64.ActiveCfg = Release|Any CPU
		{76D22090-236C-4F28-8863-ACF5C66E9559}.Release|arm64.Build.0 = Release|Any CPU
		{76D22090-236C-4F28-8863-ACF5C66E9559}.Release|x64.ActiveCfg = Release|Any CPU
		{76D22090-236C-4F28-8863-ACF5C66E9559}.Release|x64.Build.0 = Release|Any CPU
		{76D22090-236C-4F28-8863-ACF5C66E9559}.Release|x86.ActiveCfg = Release|Any CPU
		{76D22090-236C-4F28-8863-ACF5C66E9559}.Release|x86.Build.0 = Release|Any CPU
	EndGlobalSection
	GlobalSection(SolutionProperties) = preSolution
		HideSolutionNode = FALSE
	EndGlobalSection
	GlobalSection(ExtensibilityGlobals) = postSolution
		SolutionGuid = {E61C40BC-6DC2-4619-8B32-75E681FAAEA1}
	EndGlobalSection
EndGlobal
